
Microsoft Visual Studio Solution File, Format Version 12.00
# Visual Studio Version 17
VisualStudioVersion = 17.13.35818.85 d17.13
MinimumVisualStudioVersion = 10.0.40219.1
Project("{FAE04EC0-301F-11D3-BF4B-00C04F79EFBC}") = "CQRS", "CQRS\CQRS.csproj", "{A7B5DC77-FA61-4E99-979C-20BB2FE0A2C3}"
EndProject
Global
	GlobalSection(SolutionConfigurationPlatforms) = preSolution
		Debug|Any CPU = Debug|Any CPU
		Release|Any CPU = Release|Any CPU
	EndGlobalSection
	GlobalSection(ProjectConfigurationPlatforms) = postSolution
		{A7B5DC77-FA61-4E99-979C-20BB2FE0A2C3}.Debug|Any CPU.ActiveCfg = Debug|Any CPU
		{A7B5DC77-FA61-4E99-979C-20BB2FE0A2C3}.Debug|Any CPU.Build.0 = Debug|Any CPU
		{A7B5DC77-FA61-4E99-979C-20BB2FE0A2C3}.Release|Any CPU.ActiveCfg = Release|Any CPU
		{A7B5DC77-FA61-4E99-979C-20BB2FE0A2C3}.Release|Any CPU.Build.0 = Release|Any CPU
	EndGlobalSection
	GlobalSection(SolutionProperties) = preSolution
		HideSolutionNode = FALSE
	EndGlobalSection
	GlobalSection(ExtensibilityGlobals) = postSolution
		SolutionGuid = {A68603F4-7B94-406E-94B9-87824A89F950}
	EndGlobalSection
EndGlobal
